
Microsoft Visual Studio Solution File, Format Version 12.00
# Visual Studio Version 17
VisualStudioVersion = 17.13.35931.197 d17.13
MinimumVisualStudioVersion = 10.0.40219.1
Project("{FAE04EC0-301F-11D3-BF4B-00C04F79EFBC}") = "ConsoleApp2", "ConsoleApp2\ConsoleApp2.csproj", "{4E08F014-1AC1-411B-8619-2B32CB53E28D}"
EndProject
Global
	GlobalSection(SolutionConfigurationPlatforms) = preSolution
		Debug|Any CPU = Debug|Any CPU
		Release|Any CPU = Release|Any CPU
	EndGlobalSection
	GlobalSection(ProjectConfigurationPlatforms) = postSolution
		{4E08F014-1AC1-411B-8619-2B32CB53E28D}.Debug|Any CPU.ActiveCfg = Debug|Any CPU
		{4E08F014-1AC1-411B-8619-2B32CB53E28D}.Debug|Any CPU.Build.0 = Debug|Any CPU
		{4E08F014-1AC1-411B-8619-2B32CB53E28D}.Release|Any CPU.ActiveCfg = Release|Any CPU
		{4E08F014-1AC1-411B-8619-2B32CB53E28D}.Release|Any CPU.Build.0 = Release|Any CPU
	EndGlobalSection
	GlobalSection(SolutionProperties) = preSolution
		HideSolutionNode = FALSE
	EndGlobalSection
	GlobalSection(ExtensibilityGlobals) = postSolution
		SolutionGuid = {19B145A0-C009-4F5C-95D1-CBEB543A0947}
	EndGlobalSection
EndGlobal
